
Microsoft Visual Studio Solution File, Format Version 12.00
# Visual Studio Version 17
VisualStudioVersion = 17.6.33723.286
MinimumVisualStudioVersion = 10.0.40219.1
Project("{9A19103F-16F7-4668-BE54-9A1E7A4F7556}") = "FirstCoreApp", "FirstCoreApp\FirstCoreApp.csproj", "{2E0C5796-7C0A-46CA-A559-33D7B32B288F}"
EndProject
Global
	GlobalSection(SolutionConfigurationPlatforms) = preSolution
		Debug|Any CPU = Debug|Any CPU
		Release|Any CPU = Release|Any CPU
	EndGlobalSection
	GlobalSection(ProjectConfigurationPlatforms) = postSolution
		{2E0C5796-7C0A-46CA-A559-33D7B32B288F}.Debug|Any CPU.ActiveCfg = Debug|Any CPU
		{2E0C5796-7C0A-46CA-A559-33D7B32B288F}.Debug|Any CPU.Build.0 = Debug|Any CPU
		{2E0C5796-7C0A-46CA-A559-33D7B32B288F}.Release|Any CPU.ActiveCfg = Release|Any CPU
		{2E0C5796-7C0A-46CA-A559-33D7B32B288F}.Release|Any CPU.Build.0 = Release|Any CPU
	EndGlobalSection
	GlobalSection(SolutionProperties) = preSolution
		HideSolutionNode = FALSE
	EndGlobalSection
	GlobalSection(ExtensibilityGlobals) = postSolution
		SolutionGuid = {2F357748-31AC-4717-9B01-AA0EFDBC115B}
	EndGlobalSection
EndGlobal
